
Microsoft Visual Studio Solution File, Format Version 12.00
# Visual Studio 15
Project("{FAE04EC0-301F-11D3-BF4B-00C04F79EFBC}") = "Assembly-CSharp", "Assembly-CSharp.csproj", "{D836B0D4-B9C8-E4E9-8750-04D76C1067E4}"
EndProject
Project("{FAE04EC0-301F-11D3-BF4B-00C04F79EFBC}") = "Tests", "Tests.csproj", "{D03511FD-33B8-B213-822A-8F1542257F7B}"
EndProject
Project("{FAE04EC0-301F-11D3-BF4B-00C04F79EFBC}") = "Assembly-CSharp-Editor", "Assembly-CSharp-Editor.csproj", "{1A1A377E-BEA9-9066-A232-5A6B22E24F8F}"
EndProject
Global
	GlobalSection(SolutionConfigurationPlatforms) = preSolution
		Debug|Any CPU = Debug|Any CPU
		Release|Any CPU = Release|Any CPU
	EndGlobalSection
	GlobalSection(ProjectConfigurationPlatforms) = postSolution
		{D836B0D4-B9C8-E4E9-8750-04D76C1067E4}.Debug|Any CPU.ActiveCfg = Debug|Any CPU
		{D836B0D4-B9C8-E4E9-8750-04D76C1067E4}.Debug|Any CPU.Build.0 = Debug|Any CPU
		{D836B0D4-B9C8-E4E9-8750-04D76C1067E4}.Release|Any CPU.ActiveCfg = Release|Any CPU
		{D836B0D4-B9C8-E4E9-8750-04D76C1067E4}.Release|Any CPU.Build.0 = Release|Any CPU
		{D03511FD-33B8-B213-822A-8F1542257F7B}.Debug|Any CPU.ActiveCfg = Debug|Any CPU
		{D03511FD-33B8-B213-822A-8F1542257F7B}.Debug|Any CPU.Build.0 = Debug|Any CPU
		{D03511FD-33B8-B213-822A-8F1542257F7B}.Release|Any CPU.ActiveCfg = Release|Any CPU
		{D03511FD-33B8-B213-822A-8F1542257F7B}.Release|Any CPU.Build.0 = Release|Any CPU
		{1A1A377E-BEA9-9066-A232-5A6B22E24F8F}.Debug|Any CPU.ActiveCfg = Debug|Any CPU
		{1A1A377E-BEA9-9066-A232-5A6B22E24F8F}.Debug|Any CPU.Build.0 = Debug|Any CPU
		{1A1A377E-BEA9-9066-A232-5A6B22E24F8F}.Release|Any CPU.ActiveCfg = Release|Any CPU
		{1A1A377E-BEA9-9066-A232-5A6B22E24F8F}.Release|Any CPU.Build.0 = Release|Any CPU
	EndGlobalSection
	GlobalSection(SolutionProperties) = preSolution
		HideSolutionNode = FALSE
	EndGlobalSection
EndGlobal
